<?xml version="1.0" encoding="utf-8"?>
<Project ToolsVersion="4.0" xmlns="http://schemas.microsoft.com/developer/msbuild/2003">
  <ItemGroup>
    <Filter Include="Source Files">
      <UniqueIdentifier>{4FC737F1-C7A5-4376-A066-2A32D752A2FF}</UniqueIdentifier>
      <Extensions>cpp;c;cc;cxx;c++;cppm;ixx;def;odl;idl;hpj;bat;asm;asmx</Extensions>
    </Filter>
    <Filter Include="Header Files">
      <UniqueIdentifier>{93995380-89BD-4b04-88EB-625FBE52EBFB}</UniqueIdentifier>
      <Extensions>h;hh;hpp;hxx;h++;hm;inl;inc;ipp;xsd</Extensions>
    </Filter>
    <Filter Include="Resource Files">
      <UniqueIdentifier>{67DA6AB6-F800-4c08-8B7A-83BB121AAD01}</UniqueIdentifier>
      <Extensions>rc;ico;cur;bmp;dlg;rc2;rct;bin;rgs;gif;jpg;jpeg;jpe;resx;tiff;tif;png;wav;mfcribbon-ms</Extensions>
    </Filter>
    <Filter Include="Resource Files\shaders">
      <UniqueIdentifier>{7b1ed297-aca5-452b-9c2e-7e0c39c20442}</UniqueIdentifier>
    </Filter>
    <Filter Include="Source Files\shaders">
      <UniqueIdentifier>{1623de3e-6a40-4f59-83c7-5f6c0f743842}</UniqueIdentifier>
    </Filter>
    <Filter Include="Header Files\shaders">
      <UniqueIdentifier>{91561e20-cd1c-4caf-931e-07d4979066e8}</UniqueIdentifier>
    </Filter>
    <Filter Include="Header Files\buffers">
      <UniqueIdentifier>{9d779573-9fb1-41bb-86da-69462495a109}</UniqueIdentifier>
    </Filter>
    <Filter Include="Source Files\buffers">
      <UniqueIdentifier>{86295112-655f-447c-b9c1-d1ebfade3949}</UniqueIdentifier>
    </Filter>
    <Filter Include="Header Files\meshes">
      <UniqueIdentifier>{759f50ee-716e-4bfb-9b7f-5065d2fe3b8e}</UniqueIdentifier>
    </Filter>
    <Filter Include="Source Files\meshes">
      <UniqueIdentifier>{9f74c1a4-2eab-4653-a161-936af900d499}</UniqueIdentifier>
    </Filter>
    <Filter Include="Resource Files\shaders\default">
      <UniqueIdentifier>{113a7170-4fd9-4eb1-9d62-e4ad0717c48a}</UniqueIdentifier>
    </Filter>
    <Filter Include="Resource Files\shaders\lighting">
      <UniqueIdentifier>{c4347861-48a6-4bf4-a1f5-026ceb58efe1}</UniqueIdentifier>
    </Filter>
    <Filter Include="Source Files\core">
      <UniqueIdentifier>{bd46b975-7af3-4e8f-a1d4-fd3c5785c4bf}</UniqueIdentifier>
    </Filter>
    <Filter Include="Header Files\core">
      <UniqueIdentifier>{0b49f89f-3c46-40ab-ac3a-3f855f85c5fc}</UniqueIdentifier>
    </Filter>
    <Filter Include="Header Files\material">
      <UniqueIdentifier>{a2aed4fd-1e55-4543-8a07-1577589c5b56}</UniqueIdentifier>
    </Filter>
    <Filter Include="Source Files\material">
      <UniqueIdentifier>{49167d2d-0dc4-4b0c-b275-5d979d6f7878}</UniqueIdentifier>
    </Filter>
  </ItemGroup>
  <ItemGroup>
    <ClCompile Include="src\main.cpp">
      <Filter>Source Files</Filter>
    </ClCompile>
    <ClCompile Include="src\shaders\Shader.cpp">
      <Filter>Source Files\shaders</Filter>
    </ClCompile>
    <ClCompile Include="src\glad.c">
      <Filter>Resource Files</Filter>
    </ClCompile>
    <ClCompile Include="src\Buffers\EBO.cpp">
      <Filter>Source Files\buffers</Filter>
    </ClCompile>
    <ClCompile Include="src\Buffers\VAO.cpp">
      <Filter>Source Files\buffers</Filter>
    </ClCompile>
    <ClCompile Include="src\Buffers\VBO.cpp">
      <Filter>Source Files\buffers</Filter>
    </ClCompile>
    <ClCompile Include="src\mesh\Cube.cpp">
      <Filter>Source Files\meshes</Filter>
    </ClCompile>
    <ClCompile Include="src\mesh\Sphere.cpp">
      <Filter>Source Files\meshes</Filter>
    </ClCompile>
    <ClCompile Include="src\mesh\Primitive.cpp">
      <Filter>Source Files\meshes</Filter>
    </ClCompile>
    <ClCompile Include="src\stb_image.cpp">
      <Filter>Source Files</Filter>
    </ClCompile>
    <ClCompile Include="src\core\Camera.cpp">
      <Filter>Source Files\core</Filter>
    </ClCompile>
    <ClCompile Include="src\core\TextureManager.cpp">
      <Filter>Source Files\core</Filter>
    </ClCompile>
    <ClCompile Include="src\core\MaterialManager.cpp">
      <Filter>Source Files\core</Filter>
    </ClCompile>
    <ClCompile Include="src\core\ObjectManager.cpp">
      <Filter>Source Files\core</Filter>
    </ClCompile>
    <ClCompile Include="src\material\Base.cpp">
      <Filter>Source Files\material</Filter>
    </ClCompile>
    <ClCompile Include="src\material\Material.cpp">
      <Filter>Source Files\material</Filter>
    </ClCompile>
  </ItemGroup>
  <ItemGroup>
    <None Include="shaders\default.frag">
      <Filter>Resource Files\shaders\default</Filter>
    </None>
    <None Include="shaders\default.vert">
      <Filter>Resource Files\shaders\default</Filter>
    </None>
    <None Include="shaders\lighting.frag">
      <Filter>Resource Files\shaders\lighting</Filter>
    </None>
    <None Include="shaders\lighting.vert">
      <Filter>Resource Files\shaders\lighting</Filter>
    </None>
  </ItemGroup>
  <ItemGroup>
    <ClInclude Include="include\shaders\Shader.h">
      <Filter>Header Files\shaders</Filter>
    </ClInclude>
    <ClInclude Include="include\buffers\VAO.h">
      <Filter>Header Files\buffers</Filter>
    </ClInclude>
    <ClInclude Include="include\buffers\EBO.h">
      <Filter>Header Files\buffers</Filter>
    </ClInclude>
    <ClInclude Include="include\buffers\VBO.h">
      <Filter>Header Files\buffers</Filter>
    </ClInclude>
    <ClInclude Include="include\mesh\Cube.h">
      <Filter>Header Files\meshes</Filter>
    </ClInclude>
    <ClInclude Include="include\mesh\Sphere.h">
      <Filter>Header Files\meshes</Filter>
    </ClInclude>
    <ClInclude Include="include\mesh\Primitive.h">
      <Filter>Header Files\meshes</Filter>
    </ClInclude>
    <ClInclude Include="include\core\Camera.h">
      <Filter>Header Files\core</Filter>
    </ClInclude>
    <ClInclude Include="include\core\MaterialManager.h">
      <Filter>Header Files\core</Filter>
    </ClInclude>
    <ClInclude Include="include\core\TextureManager.h">
      <Filter>Header Files\core</Filter>
    </ClInclude>
    <ClInclude Include="include\mesh\Object.h">
      <Filter>Header Files\meshes</Filter>
    </ClInclude>
    <ClInclude Include="include\core\ObjectManager.h">
      <Filter>Header Files\core</Filter>
    </ClInclude>
    <ClInclude Include="include\material\Material.h">
      <Filter>Header Files\material</Filter>
    </ClInclude>
    <ClInclude Include="include\material\Base.h">
      <Filter>Header Files\material</Filter>
    </ClInclude>
  </ItemGroup>
</Project>